
Microsoft Visual Studio Solution File, Format Version 12.00
# Visual Studio Version 16
VisualStudioVersion = 16.0.28729.10
MinimumVisualStudioVersion = 10.0.40219.1
Project("{FAE04EC0-301F-11D3-BF4B-00C04F79EFBC}") = "20_Valid Parentheses", "20_Valid Parentheses\20_Valid Parentheses.csproj", "{4DFC01E6-2F73-47EB-B733-95DED6FAA820}"
EndProject
Global
	GlobalSection(SolutionConfigurationPlatforms) = preSolution
		Debug|Any CPU = Debug|Any CPU
		Release|Any CPU = Release|Any CPU
	EndGlobalSection
	GlobalSection(ProjectConfigurationPlatforms) = postSolution
		{4DFC01E6-2F73-47EB-B733-95DED6FAA820}.Debug|Any CPU.ActiveCfg = Debug|Any CPU
		{4DFC01E6-2F73-47EB-B733-95DED6FAA820}.Debug|Any CPU.Build.0 = Debug|Any CPU
		{4DFC01E6-2F73-47EB-B733-95DED6FAA820}.Release|Any CPU.ActiveCfg = Release|Any CPU
		{4DFC01E6-2F73-47EB-B733-95DED6FAA820}.Release|Any CPU.Build.0 = Release|Any CPU
	EndGlobalSection
	GlobalSection(SolutionProperties) = preSolution
		HideSolutionNode = FALSE
	EndGlobalSection
	GlobalSection(ExtensibilityGlobals) = postSolution
		SolutionGuid = {2137C3D9-0F3E-4ED2-8F93-D68E439D8DE0}
	EndGlobalSection
EndGlobal
